{
  "name": "fantasy-project",
  "version": "1.0.0",
  "lockfileVersion": 1,
  "requires": true,
  "dependencies": {
    "arff": {
      "version": "0.1.1",
      "resolved": "https://registry.npmjs.org/arff/-/arff-0.1.1.tgz",
      "integrity": "sha1-5K4R/2wmZYL5r9x/mS/i2S8/LCk=",
      "requires": {
        "lodash.foreach": "^2.4.1",
        "moment": "^2.8.4"
      }
    },
    "async-retry": {
      "version": "1.2.3",
      "resolved": "https://registry.npmjs.org/async-retry/-/async-retry-1.2.3.tgz",
      "integrity": "sha512-tfDb02Th6CE6pJUF2gjW5ZVjsgwlucVXOEQMvEX9JgSJMs9gAX+Nz3xRuJBKuUYjTSYORqvDBORdAQ3LU59g7Q==",
      "requires": {
        "retry": "0.12.0"
      }
    },
    "camel-case": {
      "version": "3.0.0",
      "resolved": "https://registry.npmjs.org/camel-case/-/camel-case-3.0.0.tgz",
      "integrity": "sha1-yjw2iKTpzzpM2nd9xNy8cTJJz3M=",
      "requires": {
        "no-case": "^2.2.0",
        "upper-case": "^1.1.1"
      }
    },
    "debug": {
      "version": "2.6.9",
      "resolved": "https://registry.npmjs.org/debug/-/debug-2.6.9.tgz",
      "integrity": "sha512-bC7ElrdJaJnPbAP+1EotYvqZsb3ecl5wi6Bfi6BJTUcNowp6cvspg0jXznRTKDjm/E7AdgFBVeAPVMNcKGsHMA==",
      "requires": {
        "ms": "2.0.0"
      }
    },
    "fs-extra": {
      "version": "8.1.0",
      "resolved": "https://registry.npmjs.org/fs-extra/-/fs-extra-8.1.0.tgz",
      "integrity": "sha512-yhlQgA6mnOJUKOsRUFsgJdQCvkKhcz8tlZG5HBQfReYZy46OwLcY+Zia0mtdHsOo9y/hP+CxMN0TU9QxoOtG4g==",
      "requires": {
        "graceful-fs": "^4.2.0",
        "jsonfile": "^4.0.0",
        "universalify": "^0.1.0"
      }
    },
    "graceful-fs": {
      "version": "4.2.2",
      "resolved": "https://registry.npmjs.org/graceful-fs/-/graceful-fs-4.2.2.tgz",
      "integrity": "sha512-IItsdsea19BoLC7ELy13q1iJFNmd7ofZH5+X/pJr90/nRoPEX0DJo1dHDbgtYWOhJhcCgMDTOw84RZ72q6lB+Q=="
    },
    "jsonfile": {
      "version": "4.0.0",
      "resolved": "https://registry.npmjs.org/jsonfile/-/jsonfile-4.0.0.tgz",
      "integrity": "sha1-h3Gq4HmbZAdrdmQPygWPnBDjPss=",
      "requires": {
        "graceful-fs": "^4.1.6"
      }
    },
    "lodash": {
      "version": "4.17.15",
      "resolved": "https://registry.npmjs.org/lodash/-/lodash-4.17.15.tgz",
      "integrity": "sha512-8xOcRHvCjnocdS5cpwXQXVzmmh5e5+saE2QGoeQmbKmRS6J3VQppPOIt0MnmE+4xlZoumy0GPG0D0MVIQbNA1A=="
    },
    "lodash._basebind": {
      "version": "2.4.1",
      "resolved": "https://registry.npmjs.org/lodash._basebind/-/lodash._basebind-2.4.1.tgz",
      "integrity": "sha1-6UC5690nwyfgqNqxtVkWxTQelXU=",
      "requires": {
        "lodash._basecreate": "~2.4.1",
        "lodash._setbinddata": "~2.4.1",
        "lodash._slice": "~2.4.1",
        "lodash.isobject": "~2.4.1"
      }
    },
    "lodash._basecallback": {
      "version": "3.3.1",
      "resolved": "https://registry.npmjs.org/lodash._basecallback/-/lodash._basecallback-3.3.1.tgz",
      "integrity": "sha1-t7K7Q9whYEJKIczybFfkQ3cqjic=",
      "requires": {
        "lodash._baseisequal": "^3.0.0",
        "lodash._bindcallback": "^3.0.0",
        "lodash.isarray": "^3.0.0",
        "lodash.pairs": "^3.0.0"
      }
    },
    "lodash._basecreate": {
      "version": "2.4.1",
      "resolved": "https://registry.npmjs.org/lodash._basecreate/-/lodash._basecreate-2.4.1.tgz",
      "integrity": "sha1-+Ob1tXip405UEXm1a47uv0oofgg=",
      "requires": {
        "lodash._isnative": "~2.4.1",
        "lodash.isobject": "~2.4.1",
        "lodash.noop": "~2.4.1"
      }
    },
    "lodash._basecreatecallback": {
      "version": "2.4.1",
      "resolved": "https://registry.npmjs.org/lodash._basecreatecallback/-/lodash._basecreatecallback-2.4.1.tgz",
      "integrity": "sha1-fQsmdknLKeehOdAQO3wR+uhOSFE=",
      "requires": {
        "lodash._setbinddata": "~2.4.1",
        "lodash.bind": "~2.4.1",
        "lodash.identity": "~2.4.1",
        "lodash.support": "~2.4.1"
      }
    },
    "lodash._basecreatewrapper": {
      "version": "2.4.1",
      "resolved": "https://registry.npmjs.org/lodash._basecreatewrapper/-/lodash._basecreatewrapper-2.4.1.tgz",
      "integrity": "sha1-TTHy595+E0+/KAN2K4FQsyUZZm8=",
      "requires": {
        "lodash._basecreate": "~2.4.1",
        "lodash._setbinddata": "~2.4.1",
        "lodash._slice": "~2.4.1",
        "lodash.isobject": "~2.4.1"
      }
    },
    "lodash._baseeach": {
      "version": "3.0.4",
      "resolved": "https://registry.npmjs.org/lodash._baseeach/-/lodash._baseeach-3.0.4.tgz",
      "integrity": "sha1-z4cGVyyhROjZ11InyZDamC+TKvM=",
      "requires": {
        "lodash.keys": "^3.0.0"
      }
    },
    "lodash._basefind": {
      "version": "3.0.0",
      "resolved": "https://registry.npmjs.org/lodash._basefind/-/lodash._basefind-3.0.0.tgz",
      "integrity": "sha1-srugXMZF+XLeLPkl+iv2Og9gyK4="
    },
    "lodash._basefindindex": {
      "version": "3.6.0",
      "resolved": "https://registry.npmjs.org/lodash._basefindindex/-/lodash._basefindindex-3.6.0.tgz",
      "integrity": "sha1-8IM2ChsCJBjtgbyJm+sxLiHnSk8="
    },
    "lodash._baseflatten": {
      "version": "3.1.4",
      "resolved": "https://registry.npmjs.org/lodash._baseflatten/-/lodash._baseflatten-3.1.4.tgz",
      "integrity": "sha1-B3D/gBMa9uNPO1EXlqe6UhTmX/c=",
      "requires": {
        "lodash.isarguments": "^3.0.0",
        "lodash.isarray": "^3.0.0"
      }
    },
    "lodash._basefor": {
      "version": "3.0.3",
      "resolved": "https://registry.npmjs.org/lodash._basefor/-/lodash._basefor-3.0.3.tgz",
      "integrity": "sha1-dVC06SGO8J+tJDQ7YSAhx5tMIMI="
    },
    "lodash._baseisequal": {
      "version": "3.0.7",
      "resolved": "https://registry.npmjs.org/lodash._baseisequal/-/lodash._baseisequal-3.0.7.tgz",
      "integrity": "sha1-2AJfdjOdKTQnZ9zIh85cuVpbUfE=",
      "requires": {
        "lodash.isarray": "^3.0.0",
        "lodash.istypedarray": "^3.0.0",
        "lodash.keys": "^3.0.0"
      }
    },
    "lodash._baseismatch": {
      "version": "3.1.3",
      "resolved": "https://registry.npmjs.org/lodash._baseismatch/-/lodash._baseismatch-3.1.3.tgz",
      "integrity": "sha1-Byj8SO+hFpnT1fLXMEnyqxPED9U=",
      "requires": {
        "lodash._baseisequal": "^3.0.0"
      }
    },
    "lodash._basematches": {
      "version": "3.2.0",
      "resolved": "https://registry.npmjs.org/lodash._basematches/-/lodash._basematches-3.2.0.tgz",
      "integrity": "sha1-9H4D8H7CB4SrCWjQy2y1l+IQEVg=",
      "requires": {
        "lodash._baseismatch": "^3.0.0",
        "lodash.pairs": "^3.0.0"
      }
    },
    "lodash._bindcallback": {
      "version": "3.0.1",
      "resolved": "https://registry.npmjs.org/lodash._bindcallback/-/lodash._bindcallback-3.0.1.tgz",
      "integrity": "sha1-5THCdkTPi1epnhftlbNcdIeJOS4="
    },
    "lodash._createaggregator": {
      "version": "3.0.0",
      "resolved": "https://registry.npmjs.org/lodash._createaggregator/-/lodash._createaggregator-3.0.0.tgz",
      "integrity": "sha1-1my/OZSbBQ2H31NGHw0FnfsI3J8=",
      "requires": {
        "lodash._basecallback": "^3.0.0",
        "lodash._baseeach": "^3.0.0",
        "lodash.isarray": "^3.0.0"
      }
    },
    "lodash._createwrapper": {
      "version": "2.4.1",
      "resolved": "https://registry.npmjs.org/lodash._createwrapper/-/lodash._createwrapper-2.4.1.tgz",
      "integrity": "sha1-UdaVeXPaTtVW43KQ2MGhjFPeFgc=",
      "requires": {
        "lodash._basebind": "~2.4.1",
        "lodash._basecreatewrapper": "~2.4.1",
        "lodash._slice": "~2.4.1",
        "lodash.isfunction": "~2.4.1"
      }
    },
    "lodash._getnative": {
      "version": "3.9.1",
      "resolved": "https://registry.npmjs.org/lodash._getnative/-/lodash._getnative-3.9.1.tgz",
      "integrity": "sha1-VwvH3t5G1hzc3mh9ZdPuy6o6r/U="
    },
    "lodash._isiterateecall": {
      "version": "3.0.9",
      "resolved": "https://registry.npmjs.org/lodash._isiterateecall/-/lodash._isiterateecall-3.0.9.tgz",
      "integrity": "sha1-UgOte6Ql+uhCRg5pbbnPPmqsBXw="
    },
    "lodash._isnative": {
      "version": "2.4.1",
      "resolved": "https://registry.npmjs.org/lodash._isnative/-/lodash._isnative-2.4.1.tgz",
      "integrity": "sha1-PqZAS3hKe+g2x7V1gOHN95sUgyw="
    },
    "lodash._objecttypes": {
      "version": "2.4.1",
      "resolved": "https://registry.npmjs.org/lodash._objecttypes/-/lodash._objecttypes-2.4.1.tgz",
      "integrity": "sha1-fAt/admKH3ZSn4kLDNsbTf7BHBE="
    },
    "lodash._pickbyarray": {
      "version": "3.0.2",
      "resolved": "https://registry.npmjs.org/lodash._pickbyarray/-/lodash._pickbyarray-3.0.2.tgz",
      "integrity": "sha1-H4mNlgfrVgsOFnOEt3x8bRCKpMU="
    },
    "lodash._pickbycallback": {
      "version": "3.0.0",
      "resolved": "https://registry.npmjs.org/lodash._pickbycallback/-/lodash._pickbycallback-3.0.0.tgz",
      "integrity": "sha1-/2G5oBens699MObFPeKK+hm4dQo=",
      "requires": {
        "lodash._basefor": "^3.0.0",
        "lodash.keysin": "^3.0.0"
      }
    },
    "lodash._setbinddata": {
      "version": "2.4.1",
      "resolved": "https://registry.npmjs.org/lodash._setbinddata/-/lodash._setbinddata-2.4.1.tgz",
      "integrity": "sha1-98IAzRuS7yNrOZ7s9zxkjReqlNI=",
      "requires": {
        "lodash._isnative": "~2.4.1",
        "lodash.noop": "~2.4.1"
      }
    },
    "lodash._shimkeys": {
      "version": "2.4.1",
      "resolved": "https://registry.npmjs.org/lodash._shimkeys/-/lodash._shimkeys-2.4.1.tgz",
      "integrity": "sha1-bpzJZm/wgfC1psl4uD4kLmlJ0gM=",
      "requires": {
        "lodash._objecttypes": "~2.4.1"
      }
    },
    "lodash._slice": {
      "version": "2.4.1",
      "resolved": "https://registry.npmjs.org/lodash._slice/-/lodash._slice-2.4.1.tgz",
      "integrity": "sha1-dFz0GlNZexj2iImFREBe+isG2Q8="
    },
    "lodash.bind": {
      "version": "2.4.1",
      "resolved": "https://registry.npmjs.org/lodash.bind/-/lodash.bind-2.4.1.tgz",
      "integrity": "sha1-XRn6AFyMTSNvr0dCx7eh/Kvikmc=",
      "requires": {
        "lodash._createwrapper": "~2.4.1",
        "lodash._slice": "~2.4.1"
      }
    },
    "lodash.find": {
      "version": "3.2.1",
      "resolved": "https://registry.npmjs.org/lodash.find/-/lodash.find-3.2.1.tgz",
      "integrity": "sha1-BG4xnzrOkSrGySRsf2g8XsB7Nq0=",
      "requires": {
        "lodash._basecallback": "^3.0.0",
        "lodash._baseeach": "^3.0.0",
        "lodash._basefind": "^3.0.0",
        "lodash._basefindindex": "^3.0.0",
        "lodash.isarray": "^3.0.0",
        "lodash.keys": "^3.0.0"
      }
    },
    "lodash.findwhere": {
      "version": "3.1.0",
      "resolved": "https://registry.npmjs.org/lodash.findwhere/-/lodash.findwhere-3.1.0.tgz",
      "integrity": "sha1-eTfTTz6sgY3sf6lOjKXib9uhz8E=",
      "requires": {
        "lodash._basematches": "^3.0.0",
        "lodash.find": "^3.0.0"
      }
    },
    "lodash.foreach": {
      "version": "2.4.1",
      "resolved": "https://registry.npmjs.org/lodash.foreach/-/lodash.foreach-2.4.1.tgz",
      "integrity": "sha1-/j/Do0yGyUyrb5UiVgKCdB4BYwk=",
      "requires": {
        "lodash._basecreatecallback": "~2.4.1",
        "lodash.forown": "~2.4.1"
      }
    },
    "lodash.forown": {
      "version": "2.4.1",
      "resolved": "https://registry.npmjs.org/lodash.forown/-/lodash.forown-2.4.1.tgz",
      "integrity": "sha1-eLQer+FAX6lmRZ6kGT/VAtCEUks=",
      "requires": {
        "lodash._basecreatecallback": "~2.4.1",
        "lodash._objecttypes": "~2.4.1",
        "lodash.keys": "~2.4.1"
      },
      "dependencies": {
        "lodash.keys": {
          "version": "2.4.1",
          "resolved": "https://registry.npmjs.org/lodash.keys/-/lodash.keys-2.4.1.tgz",
          "integrity": "sha1-SN6kbfj/djKxDXBrissmWR4rNyc=",
          "requires": {
            "lodash._isnative": "~2.4.1",
            "lodash._shimkeys": "~2.4.1",
            "lodash.isobject": "~2.4.1"
          }
        }
      }
    },
    "lodash.get": {
      "version": "4.4.2",
      "resolved": "https://registry.npmjs.org/lodash.get/-/lodash.get-4.4.2.tgz",
      "integrity": "sha1-LRd/ZS+jHpObRDjVNBSZ36OCXpk="
    },
    "lodash.identity": {
      "version": "2.4.1",
      "resolved": "https://registry.npmjs.org/lodash.identity/-/lodash.identity-2.4.1.tgz",
      "integrity": "sha1-ZpTP+mX++TH3wxzobHRZfPVg9PE="
    },
    "lodash.indexby": {
      "version": "3.1.1",
      "resolved": "https://registry.npmjs.org/lodash.indexby/-/lodash.indexby-3.1.1.tgz",
      "integrity": "sha1-8sqrD/J5g3hYFHcw2GPN2AwcBC4=",
      "requires": {
        "lodash._createaggregator": "^3.0.0",
        "lodash.keys": "^3.0.0"
      }
    },
    "lodash.invert": {
      "version": "3.0.1",
      "resolved": "https://registry.npmjs.org/lodash.invert/-/lodash.invert-3.0.1.tgz",
      "integrity": "sha1-1j9mMhAkGDCLzn0QPUuaBA7/X1s=",
      "requires": {
        "lodash._isiterateecall": "^3.0.0",
        "lodash.keys": "^3.0.0"
      }
    },
    "lodash.isarguments": {
      "version": "3.1.0",
      "resolved": "https://registry.npmjs.org/lodash.isarguments/-/lodash.isarguments-3.1.0.tgz",
      "integrity": "sha1-L1c9hcaiQon/AGY7SRwdM4/zRYo="
    },
    "lodash.isarray": {
      "version": "3.0.4",
      "resolved": "https://registry.npmjs.org/lodash.isarray/-/lodash.isarray-3.0.4.tgz",
      "integrity": "sha1-eeTriMNqgSKvhvhEqpvNhRtfu1U="
    },
    "lodash.isfunction": {
      "version": "2.4.1",
      "resolved": "https://registry.npmjs.org/lodash.isfunction/-/lodash.isfunction-2.4.1.tgz",
      "integrity": "sha1-LP1XXHPkmKtX4xm3f6Aq3vE6lNE="
    },
    "lodash.isobject": {
      "version": "2.4.1",
      "resolved": "https://registry.npmjs.org/lodash.isobject/-/lodash.isobject-2.4.1.tgz",
      "integrity": "sha1-Wi5H/mmVPx7mMafrof5k0tBlWPU=",
      "requires": {
        "lodash._objecttypes": "~2.4.1"
      }
    },
    "lodash.istypedarray": {
      "version": "3.0.6",
      "resolved": "https://registry.npmjs.org/lodash.istypedarray/-/lodash.istypedarray-3.0.6.tgz",
      "integrity": "sha1-yaR3SYYHUB2OhJTSg7h8OSgc72I="
    },
    "lodash.keys": {
      "version": "3.1.2",
      "resolved": "https://registry.npmjs.org/lodash.keys/-/lodash.keys-3.1.2.tgz",
      "integrity": "sha1-TbwEcrFWvlCgsoaFXRvQsMZWCYo=",
      "requires": {
        "lodash._getnative": "^3.0.0",
        "lodash.isarguments": "^3.0.0",
        "lodash.isarray": "^3.0.0"
      }
    },
    "lodash.keysin": {
      "version": "3.0.8",
      "resolved": "https://registry.npmjs.org/lodash.keysin/-/lodash.keysin-3.0.8.tgz",
      "integrity": "sha1-IsRJPrvtsUJ5YqVLRFssinZ/tH8=",
      "requires": {
        "lodash.isarguments": "^3.0.0",
        "lodash.isarray": "^3.0.0"
      }
    },
    "lodash.mapkeys": {
      "version": "3.8.0",
      "resolved": "https://registry.npmjs.org/lodash.mapkeys/-/lodash.mapkeys-3.8.0.tgz",
      "integrity": "sha1-T+i+wYwYsFIKF4svz1l5S1VI64Q=",
      "requires": {
        "lodash._basecallback": "^3.0.0",
        "lodash._basefor": "^3.0.0",
        "lodash.keys": "^3.0.0"
      }
    },
    "lodash.noop": {
      "version": "2.4.1",
      "resolved": "https://registry.npmjs.org/lodash.noop/-/lodash.noop-2.4.1.tgz",
      "integrity": "sha1-T7VPgWZS5a4Q6PcvcXo4jHMmU4o="
    },
    "lodash.pairs": {
      "version": "3.0.1",
      "resolved": "https://registry.npmjs.org/lodash.pairs/-/lodash.pairs-3.0.1.tgz",
      "integrity": "sha1-u+CNV4bu6qCaFckevw3LfSvjJqk=",
      "requires": {
        "lodash.keys": "^3.0.0"
      }
    },
    "lodash.pick": {
      "version": "3.1.0",
      "resolved": "https://registry.npmjs.org/lodash.pick/-/lodash.pick-3.1.0.tgz",
      "integrity": "sha1-8lKoVbIEa2G805BLJvdr0u/GVVA=",
      "requires": {
        "lodash._baseflatten": "^3.0.0",
        "lodash._bindcallback": "^3.0.0",
        "lodash._pickbyarray": "^3.0.0",
        "lodash._pickbycallback": "^3.0.0",
        "lodash.restparam": "^3.0.0"
      }
    },
    "lodash.restparam": {
      "version": "3.6.1",
      "resolved": "https://registry.npmjs.org/lodash.restparam/-/lodash.restparam-3.6.1.tgz",
      "integrity": "sha1-k2pOMJ7zMKdkXtQUWYbIWuWyCAU="
    },
    "lodash.support": {
      "version": "2.4.1",
      "resolved": "https://registry.npmjs.org/lodash.support/-/lodash.support-2.4.1.tgz",
      "integrity": "sha1-Mg4LZwMWc8KNeiu12eAzGkUkBRU=",
      "requires": {
        "lodash._isnative": "~2.4.1"
      }
    },
    "lower-case": {
      "version": "1.1.4",
      "resolved": "https://registry.npmjs.org/lower-case/-/lower-case-1.1.4.tgz",
      "integrity": "sha1-miyr0bno4K6ZOkv31YdcOcQujqw="
    },
    "minimist": {
      "version": "1.2.5",
      "resolved": "https://registry.npmjs.org/minimist/-/minimist-1.2.5.tgz",
      "integrity": "sha512-FM9nNUYrRBAELZQT3xeZQ7fmMOBg6nWNmJKTcgsJeaLstP/UODVpGsr5OhXhhXg6f+qtJ8uiZ+PUxkDWcgIXLw=="
    },
    "moment": {
      "version": "2.24.0",
      "resolved": "https://registry.npmjs.org/moment/-/moment-2.24.0.tgz",
      "integrity": "sha512-bV7f+6l2QigeBBZSM/6yTNq4P2fNpSWj/0e7jQcy87A8e7o2nAfP/34/2ky5Vw4B9S446EtIhodAzkFCcR4dQg=="
    },
    "ms": {
      "version": "2.0.0",
      "resolved": "https://registry.npmjs.org/ms/-/ms-2.0.0.tgz",
      "integrity": "sha1-VgiurfwAvmwpAd9fmGF4jeDVl8g="
    },
    "nba": {
      "version": "4.11.0",
      "resolved": "https://registry.npmjs.org/nba/-/nba-4.11.0.tgz",
      "integrity": "sha512-Ao/0rYFgPZ/DCOGk3CbmNSbZtBhXlpw5X6wRGdpFT/2cbn95HOSki+THQSgBeU/jF6znZ6CIvb4RBHqP873xoA==",
      "requires": {
        "camel-case": "^3.0.0",
        "debug": "^2.2.0",
        "lodash.find": "^3.2.0",
        "lodash.findwhere": "^3.1.0",
        "lodash.get": "^4.4.2",
        "lodash.indexby": "^3.1.1",
        "lodash.invert": "^3.0.0",
        "lodash.mapkeys": "^3.8.0",
        "lodash.pick": "^3.1.0",
        "minimist": "^1.2.0",
        "nba-client-template": "4.4.0",
        "node-fetch": "2.2.0",
        "url": "^0.11.0"
      }
    },
    "nba-client-template": {
      "version": "4.4.0",
      "resolved": "https://registry.npmjs.org/nba-client-template/-/nba-client-template-4.4.0.tgz",
      "integrity": "sha512-Utltirj1+o6R1PMqAFTo8+PfPCOldGa2nh5Lybgg+KjlbFYWcPHPqag06QKE/vmZ7BwrG0i+Xwu86zQoUISizg=="
    },
    "no-case": {
      "version": "2.3.2",
      "resolved": "https://registry.npmjs.org/no-case/-/no-case-2.3.2.tgz",
      "integrity": "sha512-rmTZ9kz+f3rCvK2TD1Ue/oZlns7OGoIWP4fc3llxxRXlOkHKoWPPWJOfFYpITabSow43QJbRIoHQXtt10VldyQ==",
      "requires": {
        "lower-case": "^1.1.1"
      }
    },
    "node-fetch": {
      "version": "2.2.0",
      "resolved": "https://registry.npmjs.org/node-fetch/-/node-fetch-2.2.0.tgz",
      "integrity": "sha512-OayFWziIxiHY8bCUyLX6sTpDH8Jsbp4FfYd1j1f7vZyfgkcOnAyM4oQR16f8a0s7Gl/viMGRey8eScYk4V4EZA=="
    },
    "progress": {
      "version": "2.0.3",
      "resolved": "https://registry.npmjs.org/progress/-/progress-2.0.3.tgz",
      "integrity": "sha512-7PiHtLll5LdnKIMw100I+8xJXR5gW2QwWYkT6iJva0bXitZKa/XMrSbdmg3r2Xnaidz9Qumd0VPaMrZlF9V9sA=="
    },
    "punycode": {
      "version": "1.3.2",
      "resolved": "https://registry.npmjs.org/punycode/-/punycode-1.3.2.tgz",
      "integrity": "sha1-llOgNvt8HuQjQvIyXM7v6jkmxI0="
    },
    "querystring": {
      "version": "0.2.0",
      "resolved": "https://registry.npmjs.org/querystring/-/querystring-0.2.0.tgz",
      "integrity": "sha1-sgmEkgO7Jd+CDadW50cAWHhSFiA="
    },
    "retry": {
      "version": "0.12.0",
      "resolved": "https://registry.npmjs.org/retry/-/retry-0.12.0.tgz",
      "integrity": "sha1-G0KmJmoh8HQh0bC1S33BZ7AcATs="
    },
    "shuffle-array": {
      "version": "1.0.1",
      "resolved": "https://registry.npmjs.org/shuffle-array/-/shuffle-array-1.0.1.tgz",
      "integrity": "sha1-xP88/nTRb5NzBZIwGyXmV3sSiYs="
    },
    "simple-statistics": {
      "version": "7.0.5",
      "resolved": "https://registry.npmjs.org/simple-statistics/-/simple-statistics-7.0.5.tgz",
      "integrity": "sha512-Fz3TaU6ERtpemiNh5IVmJ93+W/kJUEAZ2MrKe2tQ8iU8aFrrwPhW+62MZE0OJlG3GKH6KgcADBz/McIx0s0NhA=="
    },
    "universalify": {
      "version": "0.1.2",
      "resolved": "https://registry.npmjs.org/universalify/-/universalify-0.1.2.tgz",
      "integrity": "sha512-rBJeI5CXAlmy1pV+617WB9J63U6XcazHHF2f2dbJix4XzpUF0RS3Zbj0FGIOCAva5P/d/GBOYaACQ1w+0azUkg=="
    },
    "upper-case": {
      "version": "1.1.3",
      "resolved": "https://registry.npmjs.org/upper-case/-/upper-case-1.1.3.tgz",
      "integrity": "sha1-9rRQHC7EzdJrp4vnIilh3ndiFZg="
    },
    "url": {
      "version": "0.11.0",
      "resolved": "https://registry.npmjs.org/url/-/url-0.11.0.tgz",
      "integrity": "sha1-ODjpfPxgUh63PFJajlW/3Z4uKPE=",
      "requires": {
        "punycode": "1.3.2",
        "querystring": "0.2.0"
      }
    }
  }
}
